
Microsoft Visual Studio Solution File, Format Version 12.00
Project("{FAE04EC0-301F-11D3-BF4B-00C04F79EFBC}") = "Template_WPF", "Template_WPF.csproj", "{8F374EF7-573B-4D8D-8FA3-810B24BCEC55}"
EndProject
Global
	GlobalSection(SolutionConfigurationPlatforms) = preSolution
		Debug|Any CPU = Debug|Any CPU
		Release|Any CPU = Release|Any CPU
	EndGlobalSection
	GlobalSection(ProjectConfigurationPlatforms) = postSolution
		{8F374EF7-573B-4D8D-8FA3-810B24BCEC55}.Debug|Any CPU.ActiveCfg = Debug|Any CPU
		{8F374EF7-573B-4D8D-8FA3-810B24BCEC55}.Debug|Any CPU.Build.0 = Debug|Any CPU
		{8F374EF7-573B-4D8D-8FA3-810B24BCEC55}.Release|Any CPU.ActiveCfg = Release|Any CPU
		{8F374EF7-573B-4D8D-8FA3-810B24BCEC55}.Release|Any CPU.Build.0 = Release|Any CPU
	EndGlobalSection
EndGlobal
